
Microsoft Visual Studio Solution File, Format Version 12.00
# Visual Studio Version 17
VisualStudioVersion = 17.14.36623.8 d17.14
MinimumVisualStudioVersion = 10.0.40219.1
Project("{FAE04EC0-301F-11D3-BF4B-00C04F79EFBC}") = "ImageCrop", "ImageCrop\ImageCrop.csproj", "{EA761514-CCCB-41F2-B798-AB17BFBA0CC8}"
EndProject
Global
	GlobalSection(SolutionConfigurationPlatforms) = preSolution
		Debug|Any CPU = Debug|Any CPU
		Release|Any CPU = Release|Any CPU
	EndGlobalSection
	GlobalSection(ProjectConfigurationPlatforms) = postSolution
		{EA761514-CCCB-41F2-B798-AB17BFBA0CC8}.Debug|Any CPU.ActiveCfg = Debug|Any CPU
		{EA761514-CCCB-41F2-B798-AB17BFBA0CC8}.Debug|Any CPU.Build.0 = Debug|Any CPU
		{EA761514-CCCB-41F2-B798-AB17BFBA0CC8}.Release|Any CPU.ActiveCfg = Release|Any CPU
		{EA761514-CCCB-41F2-B798-AB17BFBA0CC8}.Release|Any CPU.Build.0 = Release|Any CPU
	EndGlobalSection
	GlobalSection(SolutionProperties) = preSolution
		HideSolutionNode = FALSE
	EndGlobalSection
	GlobalSection(ExtensibilityGlobals) = postSolution
		SolutionGuid = {E4640815-8319-49D1-8C22-BC784AFAB2DE}
	EndGlobalSection
EndGlobal
